
Microsoft Visual Studio Solution File, Format Version 12.00
# Visual Studio 15
VisualStudioVersion = 15.0.28307.421
MinimumVisualStudioVersion = 10.0.40219.1
Project("{FAE04EC0-301F-11D3-BF4B-00C04F79EFBC}") = "MyStopwatch", "MyStopwatch\MyStopwatch.csproj", "{81887D8D-708B-458E-AF28-A80D5D504C55}"
EndProject
Global
	GlobalSection(SolutionConfigurationPlatforms) = preSolution
		Debug|Any CPU = Debug|Any CPU
		Release|Any CPU = Release|Any CPU
	EndGlobalSection
	GlobalSection(ProjectConfigurationPlatforms) = postSolution
		{81887D8D-708B-458E-AF28-A80D5D504C55}.Debug|Any CPU.ActiveCfg = Debug|Any CPU
		{81887D8D-708B-458E-AF28-A80D5D504C55}.Debug|Any CPU.Build.0 = Debug|Any CPU
		{81887D8D-708B-458E-AF28-A80D5D504C55}.Release|Any CPU.ActiveCfg = Release|Any CPU
		{81887D8D-708B-458E-AF28-A80D5D504C55}.Release|Any CPU.Build.0 = Release|Any CPU
	EndGlobalSection
	GlobalSection(SolutionProperties) = preSolution
		HideSolutionNode = FALSE
	EndGlobalSection
	GlobalSection(ExtensibilityGlobals) = postSolution
		SolutionGuid = {ABD66088-9E48-417B-B711-47BD01CC5F9D}
	EndGlobalSection
EndGlobal
